// !$*UTF8*$!
{
	archiveVersion = 1;
	classes = {
	};
	objectVersion = 46;
	objects = {

/* Begin PBXBuildFile section */
		00B2CBC0187AAE1B002EF72E /* Foundation.framework in Frameworks */ = {isa = PBXBuildFile; fileRef = 00B2CBBF187AAE1B002EF72E /* Foundation.framework */; };
		00B2CBC2187AAE1B002EF72E /* CoreGraphics.framework in Frameworks */ = {isa = PBXBuildFile; fileRef = 00B2CBC1187AAE1B002EF72E /* CoreGraphics.framework */; };
		00B2CBC4187AAE1B002EF72E /* UIKit.framework in Frameworks */ = {isa = PBXBuildFile; fileRef = 00B2CBC3187AAE1B002EF72E /* UIKit.framework */; };
		00B2CBCA187AAE1B002EF72E /* InfoPlist.strings in Resources */ = {isa = PBXBuildFile; fileRef = 00B2CBC8187AAE1B002EF72E /* InfoPlist.strings */; };
		00B2CBCC187AAE1B002EF72E /* main.m in Sources */ = {isa = PBXBuildFile; fileRef = 00B2CBCB187AAE1B002EF72E /* main.m */; };
		00B2CBD0187AAE1B002EF72E /* AppDelegate.m in Sources */ = {isa = PBXBuildFile; fileRef = 00B2CBCF187AAE1B002EF72E /* AppDelegate.m */; };
		00B2CBD3187AAE1B002EF72E /* Main.storyboard in Resources */ = {isa = PBXBuildFile; fileRef = 00B2CBD1187AAE1B002EF72E /* Main.storyboard */; };
		00B2CBD6187AAE1B002EF72E /* ViewController.m in Sources */ = {isa = PBXBuildFile; fileRef = 00B2CBD5187AAE1B002EF72E /* ViewController.m */; };
		00B2CBD8187AAE1B002EF72E /* Images.xcassets in Resources */ = {isa = PBXBuildFile; fileRef = 00B2CBD7187AAE1B002EF72E /* Images.xcassets */; };
		00B2CBDF187AAE1B002EF72E /* XCTest.framework in Frameworks */ = {isa = PBXBuildFile; fileRef = 00B2CBDE187AAE1B002EF72E /* XCTest.framework */; };
		00B2CBE0187AAE1B002EF72E /* Foundation.framework in Frameworks */ = {isa = PBXBuildFile; fileRef = 00B2CBBF187AAE1B002EF72E /* Foundation.framework */; };
		00B2CBE1187AAE1B002EF72E /* UIKit.framework in Frameworks */ = {isa = PBXBuildFile; fileRef = 00B2CBC3187AAE1B002EF72E /* UIKit.framework */; };
		00B2CBE9187AAE1B002EF72E /* InfoPlist.strings in Resources */ = {isa = PBXBuildFile; fileRef = 00B2CBE7187AAE1B002EF72E /* InfoPlist.strings */; };
		00B2CBEB187AAE1B002EF72E /* Ex_3_4_11Tests.m in Sources */ = {isa = PBXBuildFile; fileRef = 00B2CBEA187AAE1B002EF72E /* Ex_3_4_11Tests.m */; };
/* End PBXBuildFile section */

/* Begin PBXContainerItemProxy section */
		00B2CBE2187AAE1B002EF72E /* PBXContainerItemProxy */ = {
			isa = PBXContainerItemProxy;
			containerPortal = 00B2CBB4187AAE1B002EF72E /* Project object */;
			proxyType = 1;
			remoteGlobalIDString = 00B2CBBB187AAE1B002EF72E;
			remoteInfo = Ex.3.4.11;
		};
/* End PBXContainerItemProxy section */

/* Begin PBXFileReference section */
		00B2CBBC187AAE1B002EF72E /* Ex.3.4.11.app */ = {isa = PBXFileReference; explicitFileType = wrapper.application; includeInIndex = 0; path = Ex.3.4.11.app; sourceTree = BUILT_PRODUCTS_DIR; };
		00B2CBBF187AAE1B002EF72E /* Foundation.framework */ = {isa = PBXFileReference; lastKnownFileType = wrapper.framework; name = Foundation.framework; path = System/Library/Frameworks/Foundation.framework; sourceTree = SDKROOT; };
		00B2CBC1187AAE1B002EF72E /* CoreGraphics.framework */ = {isa = PBXFileReference; lastKnownFileType = wrapper.framework; name = CoreGraphics.framework; path = System/Library/Frameworks/CoreGraphics.framework; sourceTree = SDKROOT; };
		00B2CBC3187AAE1B002EF72E /* UIKit.framework */ = {isa = PBXFileReference; lastKnownFileType = wrapper.framework; name = UIKit.framework; path = System/Library/Frameworks/UIKit.framework; sourceTree = SDKROOT; };
		00B2CBC7187AAE1B002EF72E /* Ex.3.4.11-Info.plist */ = {isa = PBXFileReference; lastKnownFileType = text.plist.xml; path = "Ex.3.4.11-Info.plist"; sourceTree = "<group>"; };
		00B2CBC9187AAE1B002EF72E /* en */ = {isa = PBXFileReference; lastKnownFileType = text.plist.strings; name = en; path = en.lproj/InfoPlist.strings; sourceTree = "<group>"; };
		00B2CBCB187AAE1B002EF72E /* main.m */ = {isa = PBXFileReference; lastKnownFileType = sourcecode.c.objc; path = main.m; sourceTree = "<group>"; };
		00B2CBCD187AAE1B002EF72E /* Ex.3.4.11-Prefix.pch */ = {isa = PBXFileReference; lastKnownFileType = sourcecode.c.h; path = "Ex.3.4.11-Prefix.pch"; sourceTree = "<group>"; };
		00B2CBCE187AAE1B002EF72E /* AppDelegate.h */ = {isa = PBXFileReference; lastKnownFileType = sourcecode.c.h; path = AppDelegate.h; sourceTree = "<group>"; };
		00B2CBCF187AAE1B002EF72E /* AppDelegate.m */ = {isa = PBXFileReference; lastKnownFileType = sourcecode.c.objc; path = AppDelegate.m; sourceTree = "<group>"; };
		00B2CBD2187AAE1B002EF72E /* Base */ = {isa = PBXFileReference; lastKnownFileType = file.storyboard; name = Base; path = Base.lproj/Main.storyboard; sourceTree = "<group>"; };
		00B2CBD4187AAE1B002EF72E /* ViewController.h */ = {isa = PBXFileReference; lastKnownFileType = sourcecode.c.h; path = ViewController.h; sourceTree = "<group>"; };
		00B2CBD5187AAE1B002EF72E /* ViewController.m */ = {isa = PBXFileReference; lastKnownFileType = sourcecode.c.objc; path = ViewController.m; sourceTree = "<group>"; };
		00B2CBD7187AAE1B002EF72E /* Images.xcassets */ = {isa = PBXFileReference; lastKnownFileType = folder.assetcatalog; path = Images.xcassets; sourceTree = "<group>"; };
		00B2CBDD187AAE1B002EF72E /* Ex.3.4.11Tests.xctest */ = {isa = PBXFileReference; explicitFileType = wrapper.cfbundle; includeInIndex = 0; path = Ex.3.4.11Tests.xctest; sourceTree = BUILT_PRODUCTS_DIR; };
		00B2CBDE187AAE1B002EF72E /* XCTest.framework */ = {isa = PBXFileReference; lastKnownFileType = wrapper.framework; name = XCTest.framework; path = Library/Frameworks/XCTest.framework; sourceTree = DEVELOPER_DIR; };
		00B2CBE6187AAE1B002EF72E /* Ex.3.4.11Tests-Info.plist */ = {isa = PBXFileReference; lastKnownFileType = text.plist.xml; path = "Ex.3.4.11Tests-Info.plist"; sourceTree = "<group>"; };
		00B2CBE8187AAE1B002EF72E /* en */ = {isa = PBXFileReference; lastKnownFileType = text.plist.strings; name = en; path = en.lproj/InfoPlist.strings; sourceTree = "<group>"; };
		00B2CBEA187AAE1B002EF72E /* Ex_3_4_11Tests.m */ = {isa = PBXFileReference; lastKnownFileType = sourcecode.c.objc; path = Ex_3_4_11Tests.m; sourceTree = "<group>"; };
/* End PBXFileReference section */

/* Begin PBXFrameworksBuildPhase section */
		00B2CBB9187AAE1B002EF72E /* Frameworks */ = {
			isa = PBXFrameworksBuildPhase;
			buildActionMask = 2147483647;
			files = (
				00B2CBC2187AAE1B002EF72E /* CoreGraphics.framework in Frameworks */,
				00B2CBC4187AAE1B002EF72E /* UIKit.framework in Frameworks */,
				00B2CBC0187AAE1B002EF72E /* Foundation.framework in Frameworks */,
			);
			runOnlyForDeploymentPostprocessing = 0;
		};
		00B2CBDA187AAE1B002EF72E /* Frameworks */ = {
			isa = PBXFrameworksBuildPhase;
			buildActionMask = 2147483647;
			files = (
				00B2CBDF187AAE1B002EF72E /* XCTest.framework in Frameworks */,
				00B2CBE1187AAE1B002EF72E /* UIKit.framework in Frameworks */,
				00B2CBE0187AAE1B002EF72E /* Foundation.framework in Frameworks */,
			);
			runOnlyForDeploymentPostprocessing = 0;
		};
/* End PBXFrameworksBuildPhase section */

/* Begin PBXGroup section */
		00B2CBB3187AAE1B002EF72E = {
			isa = PBXGroup;
			children = (
				00B2CBC5187AAE1B002EF72E /* Ex.3.4.11 */,
				00B2CBE4187AAE1B002EF72E /* Ex.3.4.11Tests */,
				00B2CBBE187AAE1B002EF72E /* Frameworks */,
				00B2CBBD187AAE1B002EF72E /* Products */,
			);
			sourceTree = "<group>";
		};
		00B2CBBD187AAE1B002EF72E /* Products */ = {
			isa = PBXGroup;
			children = (
				00B2CBBC187AAE1B002EF72E /* Ex.3.4.11.app */,
				00B2CBDD187AAE1B002EF72E /* Ex.3.4.11Tests.xctest */,
			);
			name = Products;
			sourceTree = "<group>";
		};
		00B2CBBE187AAE1B002EF72E /* Frameworks */ = {
			isa = PBXGroup;
			children = (
				00B2CBBF187AAE1B002EF72E /* Foundation.framework */,
				00B2CBC1187AAE1B002EF72E /* CoreGraphics.framework */,
				00B2CBC3187AAE1B002EF72E /* UIKit.framework */,
				00B2CBDE187AAE1B002EF72E /* XCTest.framework */,
			);
			name = Frameworks;
			sourceTree = "<group>";
		};
		00B2CBC5187AAE1B002EF72E /* Ex.3.4.11 */ = {
			isa = PBXGroup;
			children = (
				00B2CBCE187AAE1B002EF72E /* AppDelegate.h */,
				00B2CBCF187AAE1B002EF72E /* AppDelegate.m */,
				00B2CBD1187AAE1B002EF72E /* Main.storyboard */,
				00B2CBD4187AAE1B002EF72E /* ViewController.h */,
				00B2CBD5187AAE1B002EF72E /* ViewController.m */,
				00B2CBD7187AAE1B002EF72E /* Images.xcassets */,
				00B2CBC6187AAE1B002EF72E /* Supporting Files */,
			);
			path = Ex.3.4.11;
			sourceTree = "<group>";
		};
		00B2CBC6187AAE1B002EF72E /* Supporting Files */ = {
			isa = PBXGroup;
			children = (
				00B2CBC7187AAE1B002EF72E /* Ex.3.4.11-Info.plist */,
				00B2CBC8187AAE1B002EF72E /* InfoPlist.strings */,
				00B2CBCB187AAE1B002EF72E /* main.m */,
				00B2CBCD187AAE1B002EF72E /* Ex.3.4.11-Prefix.pch */,
			);
			name = "Supporting Files";
			sourceTree = "<group>";
		};
		00B2CBE4187AAE1B002EF72E /* Ex.3.4.11Tests */ = {
			isa = PBXGroup;
			children = (
				00B2CBEA187AAE1B002EF72E /* Ex_3_4_11Tests.m */,
				00B2CBE5187AAE1B002EF72E /* Supporting Files */,
			);
			path = Ex.3.4.11Tests;
			sourceTree = "<group>";
		};
		00B2CBE5187AAE1B002EF72E /* Supporting Files */ = {
			isa = PBXGroup;
			children = (
				00B2CBE6187AAE1B002EF72E /* Ex.3.4.11Tests-Info.plist */,
				00B2CBE7187AAE1B002EF72E /* InfoPlist.strings */,
			);
			name = "Supporting Files";
			sourceTree = "<group>";
		};
/* End PBXGroup section */

/* Begin PBXNativeTarget section */
		00B2CBBB187AAE1B002EF72E /* Ex.3.4.11 */ = {
			isa = PBXNativeTarget;
			buildConfigurationList = 00B2CBEE187AAE1B002EF72E /* Build configuration list for PBXNativeTarget "Ex.3.4.11" */;
			buildPhases = (
				00B2CBB8187AAE1B002EF72E /* Sources */,
				00B2CBB9187AAE1B002EF72E /* Frameworks */,
				00B2CBBA187AAE1B002EF72E /* Resources */,
			);
			buildRules = (
			);
			dependencies = (
			);
			name = Ex.3.4.11;
			productName = Ex.3.4.11;
			productReference = 00B2CBBC187AAE1B002EF72E /* Ex.3.4.11.app */;
			productType = "com.apple.product-type.application";
		};
		00B2CBDC187AAE1B002EF72E /* Ex.3.4.11Tests */ = {
			isa = PBXNativeTarget;
			buildConfigurationList = 00B2CBF1187AAE1B002EF72E /* Build configuration list for PBXNativeTarget "Ex.3.4.11Tests" */;
			buildPhases = (
				00B2CBD9187AAE1B002EF72E /* Sources */,
				00B2CBDA187AAE1B002EF72E /* Frameworks */,
				00B2CBDB187AAE1B002EF72E /* Resources */,
			);
			buildRules = (
			);
			dependencies = (
				00B2CBE3187AAE1B002EF72E /* PBXTargetDependency */,
			);
			name = Ex.3.4.11Tests;
			productName = Ex.3.4.11Tests;
			productReference = 00B2CBDD187AAE1B002EF72E /* Ex.3.4.11Tests.xctest */;
			productType = "com.apple.product-type.bundle.unit-test";
		};
/* End PBXNativeTarget section */

/* Begin PBXProject section */
		00B2CBB4187AAE1B002EF72E /* Project object */ = {
			isa = PBXProject;
			attributes = {
				LastUpgradeCheck = 0500;
				ORGANIZATIONNAME = T;
				TargetAttributes = {
					00B2CBDC187AAE1B002EF72E = {
						TestTargetID = 00B2CBBB187AAE1B002EF72E;
					};
				};
			};
			buildConfigurationList = 00B2CBB7187AAE1B002EF72E /* Build configuration list for PBXProject "Ex.3.4.11" */;
			compatibilityVersion = "Xcode 3.2";
			developmentRegion = English;
			hasScannedForEncodings = 0;
			knownRegions = (
				en,
				Base,
			);
			mainGroup = 00B2CBB3187AAE1B002EF72E;
			productRefGroup = 00B2CBBD187AAE1B002EF72E /* Products */;
			projectDirPath = "";
			projectRoot = "";
			targets = (
				00B2CBBB187AAE1B002EF72E /* Ex.3.4.11 */,
				00B2CBDC187AAE1B002EF72E /* Ex.3.4.11Tests */,
			);
		};
/* End PBXProject section */

/* Begin PBXResourcesBuildPhase section */
		00B2CBBA187AAE1B002EF72E /* Resources */ = {
			isa = PBXResourcesBuildPhase;
			buildActionMask = 2147483647;
			files = (
				00B2CBD8187AAE1B002EF72E /* Images.xcassets in Resources */,
				00B2CBCA187AAE1B002EF72E /* InfoPlist.strings in Resources */,
				00B2CBD3187AAE1B002EF72E /* Main.storyboard in Resources */,
			);
			runOnlyForDeploymentPostprocessing = 0;
		};
		00B2CBDB187AAE1B002EF72E /* Resources */ = {
			isa = PBXResourcesBuildPhase;
			buildActionMask = 2147483647;
			files = (
				00B2CBE9187AAE1B002EF72E /* InfoPlist.strings in Resources */,
			);
			runOnlyForDeploymentPostprocessing = 0;
		};
/* End PBXResourcesBuildPhase section */

/* Begin PBXSourcesBuildPhase section */
		00B2CBB8187AAE1B002EF72E /* Sources */ = {
			isa = PBXSourcesBuildPhase;
			buildActionMask = 2147483647;
			files = (
				00B2CBD6187AAE1B002EF72E /* ViewController.m in Sources */,
				00B2CBD0187AAE1B002EF72E /* AppDelegate.m in Sources */,
				00B2CBCC187AAE1B002EF72E /* main.m in Sources */,
			);
			runOnlyForDeploymentPostprocessing = 0;
		};
		00B2CBD9187AAE1B002EF72E /* Sources */ = {
			isa = PBXSourcesBuildPhase;
			buildActionMask = 2147483647;
			files = (
				00B2CBEB187AAE1B002EF72E /* Ex_3_4_11Tests.m in Sources */,
			);
			runOnlyForDeploymentPostprocessing = 0;
		};
/* End PBXSourcesBuildPhase section */

/* Begin PBXTargetDependency section */
		00B2CBE3187AAE1B002EF72E /* PBXTargetDependency */ = {
			isa = PBXTargetDependency;
			target = 00B2CBBB187AAE1B002EF72E /* Ex.3.4.11 */;
			targetProxy = 00B2CBE2187AAE1B002EF72E /* PBXContainerItemProxy */;
		};
/* End PBXTargetDependency section */

/* Begin PBXVariantGroup section */
		00B2CBC8187AAE1B002EF72E /* InfoPlist.strings */ = {
			isa = PBXVariantGroup;
			children = (
				00B2CBC9187AAE1B002EF72E /* en */,
			);
			name = InfoPlist.strings;
			sourceTree = "<group>";
		};
		00B2CBD1187AAE1B002EF72E /* Main.storyboard */ = {
			isa = PBXVariantGroup;
			children = (
				00B2CBD2187AAE1B002EF72E /* Base */,
			);
			name = Main.storyboard;
			sourceTree = "<group>";
		};
		00B2CBE7187AAE1B002EF72E /* InfoPlist.strings */ = {
			isa = PBXVariantGroup;
			children = (
				00B2CBE8187AAE1B002EF72E /* en */,
			);
			name = InfoPlist.strings;
			sourceTree = "<group>";
		};
/* End PBXVariantGroup section */

/* Begin XCBuildConfiguration section */
		00B2CBEC187AAE1B002EF72E /* Debug */ = {
			isa = XCBuildConfiguration;
			buildSettings = {
				ALWAYS_SEARCH_USER_PATHS = NO;
				ARCHS = "$(ARCHS_STANDARD_INCLUDING_64_BIT)";
				CLANG_CXX_LANGUAGE_STANDARD = "gnu++0x";
				CLANG_CXX_LIBRARY = "libc++";
				CLANG_ENABLE_MODULES = YES;
				CLANG_ENABLE_OBJC_ARC = YES;
				CLANG_WARN_BOOL_CONVERSION = YES;
				CLANG_WARN_CONSTANT_CONVERSION = YES;
				CLANG_WARN_DIRECT_OBJC_ISA_USAGE = YES_ERROR;
				CLANG_WARN_EMPTY_BODY = YES;
				CLANG_WARN_ENUM_CONVERSION = YES;
				CLANG_WARN_INT_CONVERSION = YES;
				CLANG_WARN_OBJC_ROOT_CLASS = YES_ERROR;
				CLANG_WARN__DUPLICATE_METHOD_MATCH = YES;
				"CODE_SIGN_IDENTITY[sdk=iphoneos*]" = "iPhone Developer";
				COPY_PHASE_STRIP = NO;
				GCC_C_LANGUAGE_STANDARD = gnu99;
				GCC_DYNAMIC_NO_PIC = NO;
				GCC_OPTIMIZATION_LEVEL = 0;
				GCC_PREPROCESSOR_DEFINITIONS = (
					"DEBUG=1",
					"$(inherited)",
				);
				GCC_SYMBOLS_PRIVATE_EXTERN = NO;
				GCC_WARN_64_TO_32_BIT_CONVERSION = YES;
				GCC_WARN_ABOUT_RETURN_TYPE = YES_ERROR;
				GCC_WARN_UNDECLARED_SELECTOR = YES;
				GCC_WARN_UNINITIALIZED_AUTOS = YES;
				GCC_WARN_UNUSED_FUNCTION = YES;
				GCC_WARN_UNUSED_VARIABLE = YES;
				IPHONEOS_DEPLOYMENT_TARGET = 7.0;
				ONLY_ACTIVE_ARCH = YES;
				SDKROOT = iphoneos;
			};
			name = Debug;
		};
		00B2CBED187AAE1B002EF72E /* Release */ = {
			isa = XCBuildConfiguration;
			buildSettings = {
				ALWAYS_SEARCH_USER_PATHS = NO;
				ARCHS = "$(ARCHS_STANDARD_INCLUDING_64_BIT)";
				CLANG_CXX_LANGUAGE_STANDARD = "gnu++0x";
				CLANG_CXX_LIBRARY = "libc++";
				CLANG_ENABLE_MODULES = YES;
				CLANG_ENABLE_OBJC_ARC = YES;
				CLANG_WARN_BOOL_CONVERSION = YES;
				CLANG_WARN_CONSTANT_CONVERSION = YES;
				CLANG_WARN_DIRECT_OBJC_ISA_USAGE = YES_ERROR;
				CLANG_WARN_EMPTY_BODY = YES;
				CLANG_WARN_ENUM_CONVERSION = YES;
				CLANG_WARN_INT_CONVERSION = YES;
				CLANG_WARN_OBJC_ROOT_CLASS = YES_ERROR;
				CLANG_WARN__DUPLICATE_METHOD_MATCH = YES;
				"CODE_SIGN_IDENTITY[sdk=iphoneos*]" = "iPhone Developer";
				COPY_PHASE_STRIP = YES;
				ENABLE_NS_ASSERTIONS = NO;
				GCC_C_LANGUAGE_STANDARD = gnu99;
				GCC_WARN_64_TO_32_BIT_CONVERSION = YES;
				GCC_WARN_ABOUT_RETURN_TYPE = YES_ERROR;
				GCC_WARN_UNDECLARED_SELECTOR = YES;
				GCC_WARN_UNINITIALIZED_AUTOS = YES;
				GCC_WARN_UNUSED_FUNCTION = YES;
				GCC_WARN_UNUSED_VARIABLE = YES;
				IPHONEOS_DEPLOYMENT_TARGET = 7.0;
				SDKROOT = iphoneos;
				VALIDATE_PRODUCT = YES;
			};
			name = Release;
		};
		00B2CBEF187AAE1B002EF72E /* Debug */ = {
			isa = XCBuildConfiguration;
			buildSettings = {
				ASSETCATALOG_COMPILER_APPICON_NAME = AppIcon;
				ASSETCATALOG_COMPILER_LAUNCHIMAGE_NAME = LaunchImage;
				GCC_PRECOMPILE_PREFIX_HEADER = YES;
				GCC_PREFIX_HEADER = "Ex.3.4.11/Ex.3.4.11-Prefix.pch";
				INFOPLIST_FILE = "Ex.3.4.11/Ex.3.4.11-Info.plist";
				PRODUCT_NAME = "$(TARGET_NAME)";
				WRAPPER_EXTENSION = app;
			};
			name = Debug;
		};
		00B2CBF0187AAE1B002EF72E /* Release */ = {
			isa = XCBuildConfiguration;
			buildSettings = {
				ASSETCATALOG_COMPILER_APPICON_NAME = AppIcon;
				ASSETCATALOG_COMPILER_LAUNCHIMAGE_NAME = LaunchImage;
				GCC_PRECOMPILE_PREFIX_HEADER = YES;
				GCC_PREFIX_HEADER = "Ex.3.4.11/Ex.3.4.11-Prefix.pch";
				INFOPLIST_FILE = "Ex.3.4.11/Ex.3.4.11-Info.plist";
				PRODUCT_NAME = "$(TARGET_NAME)";
				WRAPPER_EXTENSION = app;
			};
			name = Release;
		};
		00B2CBF2187AAE1B002EF72E /* Debug */ = {
			isa = XCBuildConfiguration;
			buildSettings = {
				ARCHS = "$(ARCHS_STANDARD_INCLUDING_64_BIT)";
				BUNDLE_LOADER = "$(BUILT_PRODUCTS_DIR)/Ex.3.4.11.app/Ex.3.4.11";
				FRAMEWORK_SEARCH_PATHS = (
					"$(SDKROOT)/Developer/Library/Frameworks",
					"$(inherited)",
					"$(DEVELOPER_FRAMEWORKS_DIR)",
				);
				GCC_PRECOMPILE_PREFIX_HEADER = YES;
				GCC_PREFIX_HEADER = "Ex.3.4.11/Ex.3.4.11-Prefix.pch";
				GCC_PREPROCESSOR_DEFINITIONS = (
					"DEBUG=1",
					"$(inherited)",
				);
				INFOPLIST_FILE = "Ex.3.4.11Tests/Ex.3.4.11Tests-Info.plist";
				PRODUCT_NAME = "$(TARGET_NAME)";
				TEST_HOST = "$(BUNDLE_LOADER)";
				WRAPPER_EXTENSION = xctest;
			};
			name = Debug;
		};
		00B2CBF3187AAE1B002EF72E /* Release */ = {
			isa = XCBuildConfiguration;
			buildSettings = {
				ARCHS = "$(ARCHS_STANDARD_INCLUDING_64_BIT)";
				BUNDLE_LOADER = "$(BUILT_PRODUCTS_DIR)/Ex.3.4.11.app/Ex.3.4.11";
				FRAMEWORK_SEARCH_PATHS = (
					"$(SDKROOT)/Developer/Library/Frameworks",
					"$(inherited)",
					"$(DEVELOPER_FRAMEWORKS_DIR)",
				);
				GCC_PRECOMPILE_PREFIX_HEADER = YES;
				GCC_PREFIX_HEADER = "Ex.3.4.11/Ex.3.4.11-Prefix.pch";
				INFOPLIST_FILE = "Ex.3.4.11Tests/Ex.3.4.11Tests-Info.plist";
				PRODUCT_NAME = "$(TARGET_NAME)";
				TEST_HOST = "$(BUNDLE_LOADER)";
				WRAPPER_EXTENSION = xctest;
			};
			name = Release;
		};
/* End XCBuildConfiguration section */

/* Begin XCConfigurationList section */
		00B2CBB7187AAE1B002EF72E /* Build configuration list for PBXProject "Ex.3.4.11" */ = {
			isa = XCConfigurationList;
			buildConfigurations = (
				00B2CBEC187AAE1B002EF72E /* Debug */,
				00B2CBED187AAE1B002EF72E /* Release */,
			);
			defaultConfigurationIsVisible = 0;
			defaultConfigurationName = Release;
		};
		00B2CBEE187AAE1B002EF72E /* Build configuration list for PBXNativeTarget "Ex.3.4.11" */ = {
			isa = XCConfigurationList;
			buildConfigurations = (
				00B2CBEF187AAE1B002EF72E /* Debug */,
				00B2CBF0187AAE1B002EF72E /* Release */,
			);
			defaultConfigurationIsVisible = 0;
		};
		00B2CBF1187AAE1B002EF72E /* Build configuration list for PBXNativeTarget "Ex.3.4.11Tests" */ = {
			isa = XCConfigurationList;
			buildConfigurations = (
				00B2CBF2187AAE1B002EF72E /* Debug */,
				00B2CBF3187AAE1B002EF72E /* Release */,
			);
			defaultConfigurationIsVisible = 0;
		};
/* End XCConfigurationList section */
	};
	rootObject = 00B2CBB4187AAE1B002EF72E /* Project object */;
}
